
Microsoft Visual Studio Solution File, Format Version 12.00
# Visual Studio Version 16
VisualStudioVersion = 16.0.33529.622
MinimumVisualStudioVersion = 10.0.40219.1
Project("{FAE04EC0-301F-11D3-BF4B-00C04F79EFBC}") = "TBAI", "TBAI\TBAI.csproj", "{06195241-0712-45DE-A91A-6F5A76870114}"
EndProject
Global
	GlobalSection(SolutionConfigurationPlatforms) = preSolution
		Debug|Any CPU = Debug|Any CPU
		Release|Any CPU = Release|Any CPU
	EndGlobalSection
	GlobalSection(ProjectConfigurationPlatforms) = postSolution
		{06195241-0712-45DE-A91A-6F5A76870114}.Debug|Any CPU.ActiveCfg = Debug|Any CPU
		{06195241-0712-45DE-A91A-6F5A76870114}.Debug|Any CPU.Build.0 = Debug|Any CPU
		{06195241-0712-45DE-A91A-6F5A76870114}.Release|Any CPU.ActiveCfg = Release|Any CPU
		{06195241-0712-45DE-A91A-6F5A76870114}.Release|Any CPU.Build.0 = Release|Any CPU
	EndGlobalSection
	GlobalSection(SolutionProperties) = preSolution
		HideSolutionNode = FALSE
	EndGlobalSection
	GlobalSection(ExtensibilityGlobals) = postSolution
		SolutionGuid = {3E2C80CB-150F-4037-8F90-5BE2B00ED22E}
	EndGlobalSection
EndGlobal
